
Microsoft Visual Studio Solution File, Format Version 12.00
# Visual Studio 15
VisualStudioVersion = 15.0.28307.1082
MinimumVisualStudioVersion = 10.0.40219.1
Project("{8BC9CEB8-8B4A-11D0-8D11-00A0C91BC942}") = "matrix_operations", "matrix_operations\matrix_operations.vcxproj", "{0B8E89C7-E597-4FFD-A19B-4CD9CCEBE095}"
EndProject
Global
	GlobalSection(SolutionConfigurationPlatforms) = preSolution
		Debug|x64 = Debug|x64
		Debug|x86 = Debug|x86
		Release|x64 = Release|x64
		Release|x86 = Release|x86
	EndGlobalSection
	GlobalSection(ProjectConfigurationPlatforms) = postSolution
		{0B8E89C7-E597-4FFD-A19B-4CD9CCEBE095}.Debug|x64.ActiveCfg = Debug|x64
		{0B8E89C7-E597-4FFD-A19B-4CD9CCEBE095}.Debug|x64.Build.0 = Debug|x64
		{0B8E89C7-E597-4FFD-A19B-4CD9CCEBE095}.Debug|x86.ActiveCfg = Debug|Win32
		{0B8E89C7-E597-4FFD-A19B-4CD9CCEBE095}.Debug|x86.Build.0 = Debug|Win32
		{0B8E89C7-E597-4FFD-A19B-4CD9CCEBE095}.Release|x64.ActiveCfg = Release|x64
		{0B8E89C7-E597-4FFD-A19B-4CD9CCEBE095}.Release|x64.Build.0 = Release|x64
		{0B8E89C7-E597-4FFD-A19B-4CD9CCEBE095}.Release|x86.ActiveCfg = Release|Win32
		{0B8E89C7-E597-4FFD-A19B-4CD9CCEBE095}.Release|x86.Build.0 = Release|Win32
	EndGlobalSection
	GlobalSection(SolutionProperties) = preSolution
		HideSolutionNode = FALSE
	EndGlobalSection
	GlobalSection(ExtensibilityGlobals) = postSolution
		SolutionGuid = {09D8A7B2-56E0-4C2A-9A02-EF2521F5DDBC}
	EndGlobalSection
EndGlobal
